
Microsoft Visual Studio Solution File, Format Version 12.00
# Visual Studio 15
VisualStudioVersion = 15.0.28010.2003
MinimumVisualStudioVersion = 10.0.40219.1
Project("{9A19103F-16F7-4668-BE54-9A1E7A4F7556}") = "Bank", "Bank\Bank.csproj", "{6310796A-734B-4CAB-AC9E-E4F7845284E3}"
EndProject
Project("{FAE04EC0-301F-11D3-BF4B-00C04F79EFBC}") = "Bank.Tests", "Bank.Tests\Bank.Tests.csproj", "{E1BD2EC6-9CDB-441F-9F31-47BA7CBDC30F}"
EndProject
Global
	GlobalSection(SolutionConfigurationPlatforms) = preSolution
		Debug|Any CPU = Debug|Any CPU
		Release|Any CPU = Release|Any CPU
	EndGlobalSection
	GlobalSection(ProjectConfigurationPlatforms) = postSolution
		{6310796A-734B-4CAB-AC9E-E4F7845284E3}.Debug|Any CPU.ActiveCfg = Debug|Any CPU
		{6310796A-734B-4CAB-AC9E-E4F7845284E3}.Debug|Any CPU.Build.0 = Debug|Any CPU
		{6310796A-734B-4CAB-AC9E-E4F7845284E3}.Release|Any CPU.ActiveCfg = Release|Any CPU
		{6310796A-734B-4CAB-AC9E-E4F7845284E3}.Release|Any CPU.Build.0 = Release|Any CPU
		{E1BD2EC6-9CDB-441F-9F31-47BA7CBDC30F}.Debug|Any CPU.ActiveCfg = Debug|Any CPU
		{E1BD2EC6-9CDB-441F-9F31-47BA7CBDC30F}.Debug|Any CPU.Build.0 = Debug|Any CPU
		{E1BD2EC6-9CDB-441F-9F31-47BA7CBDC30F}.Release|Any CPU.ActiveCfg = Release|Any CPU
		{E1BD2EC6-9CDB-441F-9F31-47BA7CBDC30F}.Release|Any CPU.Build.0 = Release|Any CPU
	EndGlobalSection
	GlobalSection(SolutionProperties) = preSolution
		HideSolutionNode = FALSE
	EndGlobalSection
	GlobalSection(ExtensibilityGlobals) = postSolution
		SolutionGuid = {A171E5C4-F108-4BB1-8C32-1E35ED6A1140}
	EndGlobalSection
EndGlobal
